// !$*UTF8*$!
{
	archiveVersion = 1;
	classes = {
	};
	objectVersion = 46;
	objects = {

/* Begin PBXBuildFile section */
		497888971E310320000BE59B /* LoginViewController.swift in Sources */ = {isa = PBXBuildFile; fileRef = 497888961E310320000BE59B /* LoginViewController.swift */; };
		49B531441E2EDDEB0015286D /* BikesMasterViewController.swift in Sources */ = {isa = PBXBuildFile; fileRef = 49B531431E2EDDEB0015286D /* BikesMasterViewController.swift */; };
		49D8A0171E299E4B007E059D /* AppDelegate.swift in Sources */ = {isa = PBXBuildFile; fileRef = 49D8A0161E299E4B007E059D /* AppDelegate.swift */; };
		49D8A01C1E299E4B007E059D /* Main.storyboard in Resources */ = {isa = PBXBuildFile; fileRef = 49D8A01A1E299E4B007E059D /* Main.storyboard */; };
		49D8A01F1E299E4B007E059D /* Spokes.xcdatamodeld in Sources */ = {isa = PBXBuildFile; fileRef = 49D8A01D1E299E4B007E059D /* Spokes.xcdatamodeld */; };
		49D8A0211E299E4B007E059D /* Assets.xcassets in Resources */ = {isa = PBXBuildFile; fileRef = 49D8A0201E299E4B007E059D /* Assets.xcassets */; };
		49D8A0241E299E4B007E059D /* LaunchScreen.storyboard in Resources */ = {isa = PBXBuildFile; fileRef = 49D8A0221E299E4B007E059D /* LaunchScreen.storyboard */; };
		49D8A02F1E299E4B007E059D /* SpokesTests.swift in Sources */ = {isa = PBXBuildFile; fileRef = 49D8A02E1E299E4B007E059D /* SpokesTests.swift */; };
		49D8A03A1E299E4B007E059D /* SpokesUITests.swift in Sources */ = {isa = PBXBuildFile; fileRef = 49D8A0391E299E4B007E059D /* SpokesUITests.swift */; };
		49D8A0481E299E91007E059D /* Podfile in Resources */ = {isa = PBXBuildFile; fileRef = 49D8A0471E299E91007E059D /* Podfile */; };
		49D8A04B1E299F07007E059D /* BikesTableViewCell.swift in Sources */ = {isa = PBXBuildFile; fileRef = 49D8A04A1E299F07007E059D /* BikesTableViewCell.swift */; };
		49D8A04F1E299F44007E059D /* Bike.swift in Sources */ = {isa = PBXBuildFile; fileRef = 49D8A04E1E299F44007E059D /* Bike.swift */; };
		49D8A0521E299FC3007E059D /* UserViewController.swift in Sources */ = {isa = PBXBuildFile; fileRef = 49D8A0511E299FC3007E059D /* UserViewController.swift */; };
		49D8A0541E29A0FD007E059D /* GoogleService-Info.plist in Resources */ = {isa = PBXBuildFile; fileRef = 49D8A0531E29A0FD007E059D /* GoogleService-Info.plist */; };
		96134778ADF3A44CEA50ECBA /* Pods_SpokesUITests.framework in Frameworks */ = {isa = PBXBuildFile; fileRef = CB4385760A885732E22452E2 /* Pods_SpokesUITests.framework */; };
		AA4972646440EE4A050DDF89 /* Pods_Spokes.framework in Frameworks */ = {isa = PBXBuildFile; fileRef = 96CF6DE19F2C6F83D105D456 /* Pods_Spokes.framework */; };
		CD77E03CBDFEF4463D74F9C2 /* Pods_SpokesTests.framework in Frameworks */ = {isa = PBXBuildFile; fileRef = 12032D0D7466BBF9DF74832E /* Pods_SpokesTests.framework */; };
/* End PBXBuildFile section */

/* Begin PBXContainerItemProxy section */
		49D8A02B1E299E4B007E059D /* PBXContainerItemProxy */ = {
			isa = PBXContainerItemProxy;
			containerPortal = 49D8A00B1E299E4B007E059D /* Project object */;
			proxyType = 1;
			remoteGlobalIDString = 49D8A0121E299E4B007E059D;
			remoteInfo = Spokes;
		};
		49D8A0361E299E4B007E059D /* PBXContainerItemProxy */ = {
			isa = PBXContainerItemProxy;
			containerPortal = 49D8A00B1E299E4B007E059D /* Project object */;
			proxyType = 1;
			remoteGlobalIDString = 49D8A0121E299E4B007E059D;
			remoteInfo = Spokes;
		};
/* End PBXContainerItemProxy section */

/* Begin PBXFileReference section */
		12032D0D7466BBF9DF74832E /* Pods_SpokesTests.framework */ = {isa = PBXFileReference; explicitFileType = wrapper.framework; includeInIndex = 0; path = Pods_SpokesTests.framework; sourceTree = BUILT_PRODUCTS_DIR; };
		497888961E310320000BE59B /* LoginViewController.swift */ = {isa = PBXFileReference; fileEncoding = 4; lastKnownFileType = sourcecode.swift; path = LoginViewController.swift; sourceTree = "<group>"; };
		49B531431E2EDDEB0015286D /* BikesMasterViewController.swift */ = {isa = PBXFileReference; fileEncoding = 4; lastKnownFileType = sourcecode.swift; path = BikesMasterViewController.swift; sourceTree = "<group>"; };
		49D8A0131E299E4B007E059D /* Spokes.app */ = {isa = PBXFileReference; explicitFileType = wrapper.application; includeInIndex = 0; path = Spokes.app; sourceTree = BUILT_PRODUCTS_DIR; };
		49D8A0161E299E4B007E059D /* AppDelegate.swift */ = {isa = PBXFileReference; lastKnownFileType = sourcecode.swift; path = AppDelegate.swift; sourceTree = "<group>"; };
		49D8A01B1E299E4B007E059D /* Base */ = {isa = PBXFileReference; lastKnownFileType = file.storyboard; name = Base; path = Base.lproj/Main.storyboard; sourceTree = "<group>"; };
		49D8A01E1E299E4B007E059D /* Spokes.xcdatamodel */ = {isa = PBXFileReference; lastKnownFileType = wrapper.xcdatamodel; path = Spokes.xcdatamodel; sourceTree = "<group>"; };
		49D8A0201E299E4B007E059D /* Assets.xcassets */ = {isa = PBXFileReference; lastKnownFileType = folder.assetcatalog; path = Assets.xcassets; sourceTree = "<group>"; };
		49D8A0231E299E4B007E059D /* Base */ = {isa = PBXFileReference; lastKnownFileType = file.storyboard; name = Base; path = Base.lproj/LaunchScreen.storyboard; sourceTree = "<group>"; };
		49D8A0251E299E4B007E059D /* Info.plist */ = {isa = PBXFileReference; lastKnownFileType = text.plist.xml; path = Info.plist; sourceTree = "<group>"; };
		49D8A02A1E299E4B007E059D /* SpokesTests.xctest */ = {isa = PBXFileReference; explicitFileType = wrapper.cfbundle; includeInIndex = 0; path = SpokesTests.xctest; sourceTree = BUILT_PRODUCTS_DIR; };
		49D8A02E1E299E4B007E059D /* SpokesTests.swift */ = {isa = PBXFileReference; lastKnownFileType = sourcecode.swift; path = SpokesTests.swift; sourceTree = "<group>"; };
		49D8A0301E299E4B007E059D /* Info.plist */ = {isa = PBXFileReference; lastKnownFileType = text.plist.xml; path = Info.plist; sourceTree = "<group>"; };
		49D8A0351E299E4B007E059D /* SpokesUITests.xctest */ = {isa = PBXFileReference; explicitFileType = wrapper.cfbundle; includeInIndex = 0; path = SpokesUITests.xctest; sourceTree = BUILT_PRODUCTS_DIR; };
		49D8A0391E299E4B007E059D /* SpokesUITests.swift */ = {isa = PBXFileReference; lastKnownFileType = sourcecode.swift; path = SpokesUITests.swift; sourceTree = "<group>"; };
		49D8A03B1E299E4B007E059D /* Info.plist */ = {isa = PBXFileReference; lastKnownFileType = text.plist.xml; path = Info.plist; sourceTree = "<group>"; };
		49D8A0471E299E91007E059D /* Podfile */ = {isa = PBXFileReference; fileEncoding = 4; lastKnownFileType = text; path = Podfile; sourceTree = "<group>"; xcLanguageSpecificationIdentifier = xcode.lang.ruby; };
		49D8A04A1E299F07007E059D /* BikesTableViewCell.swift */ = {isa = PBXFileReference; fileEncoding = 4; lastKnownFileType = sourcecode.swift; path = BikesTableViewCell.swift; sourceTree = "<group>"; };
		49D8A04E1E299F44007E059D /* Bike.swift */ = {isa = PBXFileReference; fileEncoding = 4; lastKnownFileType = sourcecode.swift; path = Bike.swift; sourceTree = "<group>"; };
		49D8A0501E299F8B007E059D /* Spokes.entitlements */ = {isa = PBXFileReference; lastKnownFileType = text.plist.entitlements; path = Spokes.entitlements; sourceTree = "<group>"; };
		49D8A0511E299FC3007E059D /* UserViewController.swift */ = {isa = PBXFileReference; fileEncoding = 4; lastKnownFileType = sourcecode.swift; path = UserViewController.swift; sourceTree = "<group>"; };
		49D8A0531E29A0FD007E059D /* GoogleService-Info.plist */ = {isa = PBXFileReference; fileEncoding = 4; lastKnownFileType = text.plist.xml; path = "GoogleService-Info.plist"; sourceTree = "<group>"; };
		4D6E5878543A8E2437CB8A33 /* Pods-SpokesUITests.release.xcconfig */ = {isa = PBXFileReference; includeInIndex = 1; lastKnownFileType = text.xcconfig; name = "Pods-SpokesUITests.release.xcconfig"; path = "Pods/Target Support Files/Pods-SpokesUITests/Pods-SpokesUITests.release.xcconfig"; sourceTree = "<group>"; };
		57BC31E5292F252B034ED913 /* Pods-Spokes.release.xcconfig */ = {isa = PBXFileReference; includeInIndex = 1; lastKnownFileType = text.xcconfig; name = "Pods-Spokes.release.xcconfig"; path = "Pods/Target Support Files/Pods-Spokes/Pods-Spokes.release.xcconfig"; sourceTree = "<group>"; };
		583083A36423149A5B918A05 /* Pods-SpokesTests.debug.xcconfig */ = {isa = PBXFileReference; includeInIndex = 1; lastKnownFileType = text.xcconfig; name = "Pods-SpokesTests.debug.xcconfig"; path = "Pods/Target Support Files/Pods-SpokesTests/Pods-SpokesTests.debug.xcconfig"; sourceTree = "<group>"; };
		855B5BD3C53AA311B0BF2F0B /* Pods-SpokesUITests.debug.xcconfig */ = {isa = PBXFileReference; includeInIndex = 1; lastKnownFileType = text.xcconfig; name = "Pods-SpokesUITests.debug.xcconfig"; path = "Pods/Target Support Files/Pods-SpokesUITests/Pods-SpokesUITests.debug.xcconfig"; sourceTree = "<group>"; };
		96CF6DE19F2C6F83D105D456 /* Pods_Spokes.framework */ = {isa = PBXFileReference; explicitFileType = wrapper.framework; includeInIndex = 0; path = Pods_Spokes.framework; sourceTree = BUILT_PRODUCTS_DIR; };
		BAAA3FD2B184AA1EDCF7FAC9 /* Pods-Spokes.debug.xcconfig */ = {isa = PBXFileReference; includeInIndex = 1; lastKnownFileType = text.xcconfig; name = "Pods-Spokes.debug.xcconfig"; path = "Pods/Target Support Files/Pods-Spokes/Pods-Spokes.debug.xcconfig"; sourceTree = "<group>"; };
		CB4385760A885732E22452E2 /* Pods_SpokesUITests.framework */ = {isa = PBXFileReference; explicitFileType = wrapper.framework; includeInIndex = 0; path = Pods_SpokesUITests.framework; sourceTree = BUILT_PRODUCTS_DIR; };
		FF96BFD1FD323A921656A331 /* Pods-SpokesTests.release.xcconfig */ = {isa = PBXFileReference; includeInIndex = 1; lastKnownFileType = text.xcconfig; name = "Pods-SpokesTests.release.xcconfig"; path = "Pods/Target Support Files/Pods-SpokesTests/Pods-SpokesTests.release.xcconfig"; sourceTree = "<group>"; };
/* End PBXFileReference section */

/* Begin PBXFrameworksBuildPhase section */
		49D8A0101E299E4B007E059D /* Frameworks */ = {
			isa = PBXFrameworksBuildPhase;
			buildActionMask = 2147483647;
			files = (
				AA4972646440EE4A050DDF89 /* Pods_Spokes.framework in Frameworks */,
			);
			runOnlyForDeploymentPostprocessing = 0;
		};
		49D8A0271E299E4B007E059D /* Frameworks */ = {
			isa = PBXFrameworksBuildPhase;
			buildActionMask = 2147483647;
			files = (
				CD77E03CBDFEF4463D74F9C2 /* Pods_SpokesTests.framework in Frameworks */,
			);
			runOnlyForDeploymentPostprocessing = 0;
		};
		49D8A0321E299E4B007E059D /* Frameworks */ = {
			isa = PBXFrameworksBuildPhase;
			buildActionMask = 2147483647;
			files = (
				96134778ADF3A44CEA50ECBA /* Pods_SpokesUITests.framework in Frameworks */,
			);
			runOnlyForDeploymentPostprocessing = 0;
		};
/* End PBXFrameworksBuildPhase section */

/* Begin PBXGroup section */
		49D8A00A1E299E4B007E059D = {
			isa = PBXGroup;
			children = (
				49D8A0151E299E4B007E059D /* Spokes */,
				49D8A02D1E299E4B007E059D /* SpokesTests */,
				49D8A0381E299E4B007E059D /* SpokesUITests */,
				49D8A0141E299E4B007E059D /* Products */,
				49D8A0491E299E97007E059D /* Pods */,
				E4593447B32A54B357C7140B /* Frameworks */,
			);
			sourceTree = "<group>";
		};
		49D8A0141E299E4B007E059D /* Products */ = {
			isa = PBXGroup;
			children = (
				49D8A0131E299E4B007E059D /* Spokes.app */,
				49D8A02A1E299E4B007E059D /* SpokesTests.xctest */,
				49D8A0351E299E4B007E059D /* SpokesUITests.xctest */,
			);
			name = Products;
			sourceTree = "<group>";
		};
		49D8A0151E299E4B007E059D /* Spokes */ = {
			isa = PBXGroup;
			children = (
				49D8A0501E299F8B007E059D /* Spokes.entitlements */,
				49D8A0161E299E4B007E059D /* AppDelegate.swift */,
				49D8A0511E299FC3007E059D /* UserViewController.swift */,
				49B531431E2EDDEB0015286D /* BikesMasterViewController.swift */,
				49D8A04A1E299F07007E059D /* BikesTableViewCell.swift */,
				49D8A04E1E299F44007E059D /* Bike.swift */,
				497888961E310320000BE59B /* LoginViewController.swift */,
				49D8A01A1E299E4B007E059D /* Main.storyboard */,
				49D8A0201E299E4B007E059D /* Assets.xcassets */,
				49D8A0221E299E4B007E059D /* LaunchScreen.storyboard */,
				49D8A0251E299E4B007E059D /* Info.plist */,
				49D8A0531E29A0FD007E059D /* GoogleService-Info.plist */,
				49D8A01D1E299E4B007E059D /* Spokes.xcdatamodeld */,
			);
			path = Spokes;
			sourceTree = "<group>";
		};
		49D8A02D1E299E4B007E059D /* SpokesTests */ = {
			isa = PBXGroup;
			children = (
				49D8A02E1E299E4B007E059D /* SpokesTests.swift */,
				49D8A0301E299E4B007E059D /* Info.plist */,
			);
			path = SpokesTests;
			sourceTree = "<group>";
		};
		49D8A0381E299E4B007E059D /* SpokesUITests */ = {
			isa = PBXGroup;
			children = (
				49D8A0391E299E4B007E059D /* SpokesUITests.swift */,
				49D8A03B1E299E4B007E059D /* Info.plist */,
			);
			path = SpokesUITests;
			sourceTree = "<group>";
		};
		49D8A0491E299E97007E059D /* Pods */ = {
			isa = PBXGroup;
			children = (
				49D8A0471E299E91007E059D /* Podfile */,
				BAAA3FD2B184AA1EDCF7FAC9 /* Pods-Spokes.debug.xcconfig */,
				57BC31E5292F252B034ED913 /* Pods-Spokes.release.xcconfig */,
				583083A36423149A5B918A05 /* Pods-SpokesTests.debug.xcconfig */,
				FF96BFD1FD323A921656A331 /* Pods-SpokesTests.release.xcconfig */,
				855B5BD3C53AA311B0BF2F0B /* Pods-SpokesUITests.debug.xcconfig */,
				4D6E5878543A8E2437CB8A33 /* Pods-SpokesUITests.release.xcconfig */,
			);
			name = Pods;
			sourceTree = "<group>";
		};
		E4593447B32A54B357C7140B /* Frameworks */ = {
			isa = PBXGroup;
			children = (
				96CF6DE19F2C6F83D105D456 /* Pods_Spokes.framework */,
				12032D0D7466BBF9DF74832E /* Pods_SpokesTests.framework */,
				CB4385760A885732E22452E2 /* Pods_SpokesUITests.framework */,
			);
			name = Frameworks;
			sourceTree = "<group>";
		};
/* End PBXGroup section */

/* Begin PBXNativeTarget section */
		49D8A0121E299E4B007E059D /* Spokes */ = {
			isa = PBXNativeTarget;
			buildConfigurationList = 49D8A03E1E299E4B007E059D /* Build configuration list for PBXNativeTarget "Spokes" */;
			buildPhases = (
				C9E4668A4AEFA2340353C83B /* [CP] Check Pods Manifest.lock */,
				49D8A00F1E299E4B007E059D /* Sources */,
				49D8A0101E299E4B007E059D /* Frameworks */,
				49D8A0111E299E4B007E059D /* Resources */,
				FB34A6718353A65AC494054A /* [CP] Embed Pods Frameworks */,
				9C657DCFBC5DC5B7E146A981 /* [CP] Copy Pods Resources */,
			);
			buildRules = (
			);
			dependencies = (
			);
			name = Spokes;
			productName = Spokes;
			productReference = 49D8A0131E299E4B007E059D /* Spokes.app */;
			productType = "com.apple.product-type.application";
		};
		49D8A0291E299E4B007E059D /* SpokesTests */ = {
			isa = PBXNativeTarget;
			buildConfigurationList = 49D8A0411E299E4B007E059D /* Build configuration list for PBXNativeTarget "SpokesTests" */;
			buildPhases = (
				392EB1C96DC2B28123D64FB9 /* [CP] Check Pods Manifest.lock */,
				49D8A0261E299E4B007E059D /* Sources */,
				49D8A0271E299E4B007E059D /* Frameworks */,
				49D8A0281E299E4B007E059D /* Resources */,
				5728F8FDE293C351A61BD4A2 /* [CP] Embed Pods Frameworks */,
				7A198C2E41D9A9FC2B8EDBC3 /* [CP] Copy Pods Resources */,
			);
			buildRules = (
			);
			dependencies = (
				49D8A02C1E299E4B007E059D /* PBXTargetDependency */,
			);
			name = SpokesTests;
			productName = SpokesTests;
			productReference = 49D8A02A1E299E4B007E059D /* SpokesTests.xctest */;
			productType = "com.apple.product-type.bundle.unit-test";
		};
		49D8A0341E299E4B007E059D /* SpokesUITests */ = {
			isa = PBXNativeTarget;
			buildConfigurationList = 49D8A0441E299E4B007E059D /* Build configuration list for PBXNativeTarget "SpokesUITests" */;
			buildPhases = (
				B5C84F28927CE54C49FD2B60 /* [CP] Check Pods Manifest.lock */,
				49D8A0311E299E4B007E059D /* Sources */,
				49D8A0321E299E4B007E059D /* Frameworks */,
				49D8A0331E299E4B007E059D /* Resources */,
				C4D1FE13DC2B246EBC655974 /* [CP] Embed Pods Frameworks */,
				FE9C6BBCC941506949316123 /* [CP] Copy Pods Resources */,
			);
			buildRules = (
			);
			dependencies = (
				49D8A0371E299E4B007E059D /* PBXTargetDependency */,
			);
			name = SpokesUITests;
			productName = SpokesUITests;
			productReference = 49D8A0351E299E4B007E059D /* SpokesUITests.xctest */;
			productType = "com.apple.product-type.bundle.ui-testing";
		};
/* End PBXNativeTarget section */

/* Begin PBXProject section */
		49D8A00B1E299E4B007E059D /* Project object */ = {
			isa = PBXProject;
			attributes = {
				LastSwiftUpdateCheck = 0820;
				LastUpgradeCheck = 0830;
				ORGANIZATIONNAME = "Andrew Barrett";
				TargetAttributes = {
					49D8A0121E299E4B007E059D = {
						CreatedOnToolsVersion = 8.2.1;
						DevelopmentTeam = 5EF624JR9V;
						ProvisioningStyle = Automatic;
						SystemCapabilities = {
							com.apple.Keychain = {
								enabled = 1;
							};
						};
					};
					49D8A0291E299E4B007E059D = {
						CreatedOnToolsVersion = 8.2.1;
						DevelopmentTeam = 5EF624JR9V;
						ProvisioningStyle = Automatic;
						TestTargetID = 49D8A0121E299E4B007E059D;
					};
					49D8A0341E299E4B007E059D = {
						CreatedOnToolsVersion = 8.2.1;
						DevelopmentTeam = 5EF624JR9V;
						ProvisioningStyle = Automatic;
						TestTargetID = 49D8A0121E299E4B007E059D;
					};
				};
			};
			buildConfigurationList = 49D8A00E1E299E4B007E059D /* Build configuration list for PBXProject "Spokes" */;
			compatibilityVersion = "Xcode 3.2";
			developmentRegion = English;
			hasScannedForEncodings = 0;
			knownRegions = (
				en,
				Base,
			);
			mainGroup = 49D8A00A1E299E4B007E059D;
			productRefGroup = 49D8A0141E299E4B007E059D /* Products */;
			projectDirPath = "";
			projectRoot = "";
			targets = (
				49D8A0121E299E4B007E059D /* Spokes */,
				49D8A0291E299E4B007E059D /* SpokesTests */,
				49D8A0341E299E4B007E059D /* SpokesUITests */,
			);
		};
/* End PBXProject section */

/* Begin PBXResourcesBuildPhase section */
		49D8A0111E299E4B007E059D /* Resources */ = {
			isa = PBXResourcesBuildPhase;
			buildActionMask = 2147483647;
			files = (
				49D8A0241E299E4B007E059D /* LaunchScreen.storyboard in Resources */,
				49D8A0211E299E4B007E059D /* Assets.xcassets in Resources */,
				49D8A0541E29A0FD007E059D /* GoogleService-Info.plist in Resources */,
				49D8A0481E299E91007E059D /* Podfile in Resources */,
				49D8A01C1E299E4B007E059D /* Main.storyboard in Resources */,
			);
			runOnlyForDeploymentPostprocessing = 0;
		};
		49D8A0281E299E4B007E059D /* Resources */ = {
			isa = PBXResourcesBuildPhase;
			buildActionMask = 2147483647;
			files = (
			);
			runOnlyForDeploymentPostprocessing = 0;
		};
		49D8A0331E299E4B007E059D /* Resources */ = {
			isa = PBXResourcesBuildPhase;
			buildActionMask = 2147483647;
			files = (
			);
			runOnlyForDeploymentPostprocessing = 0;
		};
/* End PBXResourcesBuildPhase section */

/* Begin PBXShellScriptBuildPhase section */
		392EB1C96DC2B28123D64FB9 /* [CP] Check Pods Manifest.lock */ = {
			isa = PBXShellScriptBuildPhase;
			buildActionMask = 2147483647;
			files = (
			);
			inputPaths = (
			);
			name = "[CP] Check Pods Manifest.lock";
			outputPaths = (
			);
			runOnlyForDeploymentPostprocessing = 0;
			shellPath = /bin/sh;
			shellScript = "diff \"${PODS_ROOT}/../Podfile.lock\" \"${PODS_ROOT}/Manifest.lock\" > /dev/null\nif [ $? != 0 ] ; then\n    # print error to STDERR\n    echo \"error: The sandbox is not in sync with the Podfile.lock. Run 'pod install' or update your CocoaPods installation.\" >&2\n    exit 1\nfi\n";
			showEnvVarsInLog = 0;
		};
		5728F8FDE293C351A61BD4A2 /* [CP] Embed Pods Frameworks */ = {
			isa = PBXShellScriptBuildPhase;
			buildActionMask = 2147483647;
			files = (
			);
			inputPaths = (
			);
			name = "[CP] Embed Pods Frameworks";
			outputPaths = (
			);
			runOnlyForDeploymentPostprocessing = 0;
			shellPath = /bin/sh;
			shellScript = "\"${SRCROOT}/Pods/Target Support Files/Pods-SpokesTests/Pods-SpokesTests-frameworks.sh\"\n";
			showEnvVarsInLog = 0;
		};
		7A198C2E41D9A9FC2B8EDBC3 /* [CP] Copy Pods Resources */ = {
			isa = PBXShellScriptBuildPhase;
			buildActionMask = 2147483647;
			files = (
			);
			inputPaths = (
			);
			name = "[CP] Copy Pods Resources";
			outputPaths = (
			);
			runOnlyForDeploymentPostprocessing = 0;
			shellPath = /bin/sh;
			shellScript = "\"${SRCROOT}/Pods/Target Support Files/Pods-SpokesTests/Pods-SpokesTests-resources.sh\"\n";
			showEnvVarsInLog = 0;
		};
		9C657DCFBC5DC5B7E146A981 /* [CP] Copy Pods Resources */ = {
			isa = PBXShellScriptBuildPhase;
			buildActionMask = 2147483647;
			files = (
			);
			inputPaths = (
			);
			name = "[CP] Copy Pods Resources";
			outputPaths = (
			);
			runOnlyForDeploymentPostprocessing = 0;
			shellPath = /bin/sh;
			shellScript = "\"${SRCROOT}/Pods/Target Support Files/Pods-Spokes/Pods-Spokes-resources.sh\"\n";
			showEnvVarsInLog = 0;
		};
		B5C84F28927CE54C49FD2B60 /* [CP] Check Pods Manifest.lock */ = {
			isa = PBXShellScriptBuildPhase;
			buildActionMask = 2147483647;
			files = (
			);
			inputPaths = (
			);
			name = "[CP] Check Pods Manifest.lock";
			outputPaths = (
			);
			runOnlyForDeploymentPostprocessing = 0;
			shellPath = /bin/sh;
			shellScript = "diff \"${PODS_ROOT}/../Podfile.lock\" \"${PODS_ROOT}/Manifest.lock\" > /dev/null\nif [ $? != 0 ] ; then\n    # print error to STDERR\n    echo \"error: The sandbox is not in sync with the Podfile.lock. Run 'pod install' or update your CocoaPods installation.\" >&2\n    exit 1\nfi\n";
			showEnvVarsInLog = 0;
		};
		C4D1FE13DC2B246EBC655974 /* [CP] Embed Pods Frameworks */ = {
			isa = PBXShellScriptBuildPhase;
			buildActionMask = 2147483647;
			files = (
			);
			inputPaths = (
			);
			name = "[CP] Embed Pods Frameworks";
			outputPaths = (
			);
			runOnlyForDeploymentPostprocessing = 0;
			shellPath = /bin/sh;
			shellScript = "\"${SRCROOT}/Pods/Target Support Files/Pods-SpokesUITests/Pods-SpokesUITests-frameworks.sh\"\n";
			showEnvVarsInLog = 0;
		};
		C9E4668A4AEFA2340353C83B /* [CP] Check Pods Manifest.lock */ = {
			isa = PBXShellScriptBuildPhase;
			buildActionMask = 2147483647;
			files = (
			);
			inputPaths = (
			);
			name = "[CP] Check Pods Manifest.lock";
			outputPaths = (
			);
			runOnlyForDeploymentPostprocessing = 0;
			shellPath = /bin/sh;
			shellScript = "diff \"${PODS_ROOT}/../Podfile.lock\" \"${PODS_ROOT}/Manifest.lock\" > /dev/null\nif [ $? != 0 ] ; then\n    # print error to STDERR\n    echo \"error: The sandbox is not in sync with the Podfile.lock. Run 'pod install' or update your CocoaPods installation.\" >&2\n    exit 1\nfi\n";
			showEnvVarsInLog = 0;
		};
		FB34A6718353A65AC494054A /* [CP] Embed Pods Frameworks */ = {
			isa = PBXShellScriptBuildPhase;
			buildActionMask = 2147483647;
			files = (
			);
			inputPaths = (
			);
			name = "[CP] Embed Pods Frameworks";
			outputPaths = (
			);
			runOnlyForDeploymentPostprocessing = 0;
			shellPath = /bin/sh;
			shellScript = "\"${SRCROOT}/Pods/Target Support Files/Pods-Spokes/Pods-Spokes-frameworks.sh\"\n";
			showEnvVarsInLog = 0;
		};
		FE9C6BBCC941506949316123 /* [CP] Copy Pods Resources */ = {
			isa = PBXShellScriptBuildPhase;
			buildActionMask = 2147483647;
			files = (
			);
			inputPaths = (
			);
			name = "[CP] Copy Pods Resources";
			outputPaths = (
			);
			runOnlyForDeploymentPostprocessing = 0;
			shellPath = /bin/sh;
			shellScript = "\"${SRCROOT}/Pods/Target Support Files/Pods-SpokesUITests/Pods-SpokesUITests-resources.sh\"\n";
			showEnvVarsInLog = 0;
		};
/* End PBXShellScriptBuildPhase section */

/* Begin PBXSourcesBuildPhase section */
		49D8A00F1E299E4B007E059D /* Sources */ = {
			isa = PBXSourcesBuildPhase;
			buildActionMask = 2147483647;
			files = (
				497888971E310320000BE59B /* LoginViewController.swift in Sources */,
				49D8A0521E299FC3007E059D /* UserViewController.swift in Sources */,
				49B531441E2EDDEB0015286D /* BikesMasterViewController.swift in Sources */,
				49D8A04B1E299F07007E059D /* BikesTableViewCell.swift in Sources */,
				49D8A04F1E299F44007E059D /* Bike.swift in Sources */,
				49D8A01F1E299E4B007E059D /* Spokes.xcdatamodeld in Sources */,
				49D8A0171E299E4B007E059D /* AppDelegate.swift in Sources */,
			);
			runOnlyForDeploymentPostprocessing = 0;
		};
		49D8A0261E299E4B007E059D /* Sources */ = {
			isa = PBXSourcesBuildPhase;
			buildActionMask = 2147483647;
			files = (
				49D8A02F1E299E4B007E059D /* SpokesTests.swift in Sources */,
			);
			runOnlyForDeploymentPostprocessing = 0;
		};
		49D8A0311E299E4B007E059D /* Sources */ = {
			isa = PBXSourcesBuildPhase;
			buildActionMask = 2147483647;
			files = (
				49D8A03A1E299E4B007E059D /* SpokesUITests.swift in Sources */,
			);
			runOnlyForDeploymentPostprocessing = 0;
		};
/* End PBXSourcesBuildPhase section */

/* Begin PBXTargetDependency section */
		49D8A02C1E299E4B007E059D /* PBXTargetDependency */ = {
			isa = PBXTargetDependency;
			target = 49D8A0121E299E4B007E059D /* Spokes */;
			targetProxy = 49D8A02B1E299E4B007E059D /* PBXContainerItemProxy */;
		};
		49D8A0371E299E4B007E059D /* PBXTargetDependency */ = {
			isa = PBXTargetDependency;
			target = 49D8A0121E299E4B007E059D /* Spokes */;
			targetProxy = 49D8A0361E299E4B007E059D /* PBXContainerItemProxy */;
		};
/* End PBXTargetDependency section */

/* Begin PBXVariantGroup section */
		49D8A01A1E299E4B007E059D /* Main.storyboard */ = {
			isa = PBXVariantGroup;
			children = (
				49D8A01B1E299E4B007E059D /* Base */,
			);
			name = Main.storyboard;
			sourceTree = "<group>";
		};
		49D8A0221E299E4B007E059D /* LaunchScreen.storyboard */ = {
			isa = PBXVariantGroup;
			children = (
				49D8A0231E299E4B007E059D /* Base */,
			);
			name = LaunchScreen.storyboard;
			sourceTree = "<group>";
		};
/* End PBXVariantGroup section */

/* Begin XCBuildConfiguration section */
		49D8A03C1E299E4B007E059D /* Debug */ = {
			isa = XCBuildConfiguration;
			buildSettings = {
				ALWAYS_SEARCH_USER_PATHS = NO;
				CLANG_ANALYZER_NONNULL = YES;
				CLANG_CXX_LANGUAGE_STANDARD = "gnu++0x";
				CLANG_CXX_LIBRARY = "libc++";
				CLANG_ENABLE_MODULES = YES;
				CLANG_ENABLE_OBJC_ARC = YES;
				CLANG_WARN_BOOL_CONVERSION = YES;
				CLANG_WARN_CONSTANT_CONVERSION = YES;
				CLANG_WARN_DIRECT_OBJC_ISA_USAGE = YES_ERROR;
				CLANG_WARN_DOCUMENTATION_COMMENTS = YES;
				CLANG_WARN_EMPTY_BODY = YES;
				CLANG_WARN_ENUM_CONVERSION = YES;
				CLANG_WARN_INFINITE_RECURSION = YES;
				CLANG_WARN_INT_CONVERSION = YES;
				CLANG_WARN_OBJC_ROOT_CLASS = YES_ERROR;
				CLANG_WARN_SUSPICIOUS_MOVE = YES;
				CLANG_WARN_UNREACHABLE_CODE = YES;
				CLANG_WARN__DUPLICATE_METHOD_MATCH = YES;
				"CODE_SIGN_IDENTITY[sdk=iphoneos*]" = "iPhone Developer";
				COPY_PHASE_STRIP = NO;
				DEBUG_INFORMATION_FORMAT = dwarf;
				ENABLE_STRICT_OBJC_MSGSEND = YES;
				ENABLE_TESTABILITY = YES;
				GCC_C_LANGUAGE_STANDARD = gnu99;
				GCC_DYNAMIC_NO_PIC = NO;
				GCC_NO_COMMON_BLOCKS = YES;
				GCC_OPTIMIZATION_LEVEL = 0;
				GCC_PREPROCESSOR_DEFINITIONS = (
					"DEBUG=1",
					"$(inherited)",
				);
				GCC_WARN_64_TO_32_BIT_CONVERSION = YES;
				GCC_WARN_ABOUT_RETURN_TYPE = YES_ERROR;
				GCC_WARN_UNDECLARED_SELECTOR = YES;
				GCC_WARN_UNINITIALIZED_AUTOS = YES_AGGRESSIVE;
				GCC_WARN_UNUSED_FUNCTION = YES;
				GCC_WARN_UNUSED_VARIABLE = YES;
				IPHONEOS_DEPLOYMENT_TARGET = 10.2;
				MTL_ENABLE_DEBUG_INFO = YES;
				ONLY_ACTIVE_ARCH = YES;
				SDKROOT = iphoneos;
				SWIFT_ACTIVE_COMPILATION_CONDITIONS = DEBUG;
				SWIFT_OPTIMIZATION_LEVEL = "-Onone";
				TARGETED_DEVICE_FAMILY = "1,2";
			};
			name = Debug;
		};
		49D8A03D1E299E4B007E059D /* Release */ = {
			isa = XCBuildConfiguration;
			buildSettings = {
				ALWAYS_SEARCH_USER_PATHS = NO;
				CLANG_ANALYZER_NONNULL = YES;
				CLANG_CXX_LANGUAGE_STANDARD = "gnu++0x";
				CLANG_CXX_LIBRARY = "libc++";
				CLANG_ENABLE_MODULES = YES;
				CLANG_ENABLE_OBJC_ARC = YES;
				CLANG_WARN_BOOL_CONVERSION = YES;
				CLANG_WARN_CONSTANT_CONVERSION = YES;
				CLANG_WARN_DIRECT_OBJC_ISA_USAGE = YES_ERROR;
				CLANG_WARN_DOCUMENTATION_COMMENTS = YES;
				CLANG_WARN_EMPTY_BODY = YES;
				CLANG_WARN_ENUM_CONVERSION = YES;
				CLANG_WARN_INFINITE_RECURSION = YES;
				CLANG_WARN_INT_CONVERSION = YES;
				CLANG_WARN_OBJC_ROOT_CLASS = YES_ERROR;
				CLANG_WARN_SUSPICIOUS_MOVE = YES;
				CLANG_WARN_UNREACHABLE_CODE = YES;
				CLANG_WARN__DUPLICATE_METHOD_MATCH = YES;
				"CODE_SIGN_IDENTITY[sdk=iphoneos*]" = "iPhone Developer";
				COPY_PHASE_STRIP = NO;
				DEBUG_INFORMATION_FORMAT = "dwarf-with-dsym";
				ENABLE_NS_ASSERTIONS = NO;
				ENABLE_STRICT_OBJC_MSGSEND = YES;
				GCC_C_LANGUAGE_STANDARD = gnu99;
				GCC_NO_COMMON_BLOCKS = YES;
				GCC_WARN_64_TO_32_BIT_CONVERSION = YES;
				GCC_WARN_ABOUT_RETURN_TYPE = YES_ERROR;
				GCC_WARN_UNDECLARED_SELECTOR = YES;
				GCC_WARN_UNINITIALIZED_AUTOS = YES_AGGRESSIVE;
				GCC_WARN_UNUSED_FUNCTION = YES;
				GCC_WARN_UNUSED_VARIABLE = YES;
				IPHONEOS_DEPLOYMENT_TARGET = 10.2;
				MTL_ENABLE_DEBUG_INFO = NO;
				SDKROOT = iphoneos;
				SWIFT_OPTIMIZATION_LEVEL = "-Owholemodule";
				TARGETED_DEVICE_FAMILY = "1,2";
				VALIDATE_PRODUCT = YES;
			};
			name = Release;
		};
		49D8A03F1E299E4B007E059D /* Debug */ = {
			isa = XCBuildConfiguration;
			baseConfigurationReference = BAAA3FD2B184AA1EDCF7FAC9 /* Pods-Spokes.debug.xcconfig */;
			buildSettings = {
				ALWAYS_EMBED_SWIFT_STANDARD_LIBRARIES = YES;
				ASSETCATALOG_COMPILER_APPICON_NAME = AppIcon;
				CODE_SIGN_ENTITLEMENTS = Spokes/Spokes.entitlements;
				DEVELOPMENT_TEAM = 5EF624JR9V;
				INFOPLIST_FILE = Spokes/Info.plist;
				LD_RUNPATH_SEARCH_PATHS = "$(inherited) @executable_path/Frameworks";
				PRODUCT_BUNDLE_IDENTIFIER = com.Alias.Spokes;
				PRODUCT_NAME = "$(TARGET_NAME)";
				SWIFT_VERSION = 3.0;
			};
			name = Debug;
		};
		49D8A0401E299E4B007E059D /* Release */ = {
			isa = XCBuildConfiguration;
			baseConfigurationReference = 57BC31E5292F252B034ED913 /* Pods-Spokes.release.xcconfig */;
			buildSettings = {
				ALWAYS_EMBED_SWIFT_STANDARD_LIBRARIES = YES;
				ASSETCATALOG_COMPILER_APPICON_NAME = AppIcon;
				CODE_SIGN_ENTITLEMENTS = Spokes/Spokes.entitlements;
				DEVELOPMENT_TEAM = 5EF624JR9V;
				INFOPLIST_FILE = Spokes/Info.plist;
				LD_RUNPATH_SEARCH_PATHS = "$(inherited) @executable_path/Frameworks";
				PRODUCT_BUNDLE_IDENTIFIER = com.Alias.Spokes;
				PRODUCT_NAME = "$(TARGET_NAME)";
				SWIFT_VERSION = 3.0;
			};
			name = Release;
		};
		49D8A0421E299E4B007E059D /* Debug */ = {
			isa = XCBuildConfiguration;
			baseConfigurationReference = 583083A36423149A5B918A05 /* Pods-SpokesTests.debug.xcconfig */;
			buildSettings = {
				ALWAYS_EMBED_SWIFT_STANDARD_LIBRARIES = YES;
				BUNDLE_LOADER = "$(TEST_HOST)";
				DEVELOPMENT_TEAM = 5EF624JR9V;
				INFOPLIST_FILE = SpokesTests/Info.plist;
				LD_RUNPATH_SEARCH_PATHS = "$(inherited) @executable_path/Frameworks @loader_path/Frameworks";
				PRODUCT_BUNDLE_IDENTIFIER = com.Alias.SpokesTests;
				PRODUCT_NAME = "$(TARGET_NAME)";
				SWIFT_VERSION = 3.0;
				TEST_HOST = "$(BUILT_PRODUCTS_DIR)/Spokes.app/Spokes";
			};
			name = Debug;
		};
		49D8A0431E299E4B007E059D /* Release */ = {
			isa = XCBuildConfiguration;
			baseConfigurationReference = FF96BFD1FD323A921656A331 /* Pods-SpokesTests.release.xcconfig */;
			buildSettings = {
				ALWAYS_EMBED_SWIFT_STANDARD_LIBRARIES = YES;
				BUNDLE_LOADER = "$(TEST_HOST)";
				DEVELOPMENT_TEAM = 5EF624JR9V;
				INFOPLIST_FILE = SpokesTests/Info.plist;
				LD_RUNPATH_SEARCH_PATHS = "$(inherited) @executable_path/Frameworks @loader_path/Frameworks";
				PRODUCT_BUNDLE_IDENTIFIER = com.Alias.SpokesTests;
				PRODUCT_NAME = "$(TARGET_NAME)";
				SWIFT_VERSION = 3.0;
				TEST_HOST = "$(BUILT_PRODUCTS_DIR)/Spokes.app/Spokes";
			};
			name = Release;
		};
		49D8A0451E299E4B007E059D /* Debug */ = {
			isa = XCBuildConfiguration;
			baseConfigurationReference = 855B5BD3C53AA311B0BF2F0B /* Pods-SpokesUITests.debug.xcconfig */;
			buildSettings = {
				ALWAYS_EMBED_SWIFT_STANDARD_LIBRARIES = YES;
				DEVELOPMENT_TEAM = 5EF624JR9V;
				INFOPLIST_FILE = SpokesUITests/Info.plist;
				LD_RUNPATH_SEARCH_PATHS = "$(inherited) @executable_path/Frameworks @loader_path/Frameworks";
				PRODUCT_BUNDLE_IDENTIFIER = com.Alias.SpokesUITests;
				PRODUCT_NAME = "$(TARGET_NAME)";
				SWIFT_VERSION = 3.0;
				TEST_TARGET_NAME = Spokes;
			};
			name = Debug;
		};
		49D8A0461E299E4B007E059D /* Release */ = {
			isa = XCBuildConfiguration;
			baseConfigurationReference = 4D6E5878543A8E2437CB8A33 /* Pods-SpokesUITests.release.xcconfig */;
			buildSettings = {
				ALWAYS_EMBED_SWIFT_STANDARD_LIBRARIES = YES;
				DEVELOPMENT_TEAM = 5EF624JR9V;
				INFOPLIST_FILE = SpokesUITests/Info.plist;
				LD_RUNPATH_SEARCH_PATHS = "$(inherited) @executable_path/Frameworks @loader_path/Frameworks";
				PRODUCT_BUNDLE_IDENTIFIER = com.Alias.SpokesUITests;
				PRODUCT_NAME = "$(TARGET_NAME)";
				SWIFT_VERSION = 3.0;
				TEST_TARGET_NAME = Spokes;
			};
			name = Release;
		};
/* End XCBuildConfiguration section */

/* Begin XCConfigurationList section */
		49D8A00E1E299E4B007E059D /* Build configuration list for PBXProject "Spokes" */ = {
			isa = XCConfigurationList;
			buildConfigurations = (
				49D8A03C1E299E4B007E059D /* Debug */,
				49D8A03D1E299E4B007E059D /* Release */,
			);
			defaultConfigurationIsVisible = 0;
			defaultConfigurationName = Release;
		};
		49D8A03E1E299E4B007E059D /* Build configuration list for PBXNativeTarget "Spokes" */ = {
			isa = XCConfigurationList;
			buildConfigurations = (
				49D8A03F1E299E4B007E059D /* Debug */,
				49D8A0401E299E4B007E059D /* Release */,
			);
			defaultConfigurationIsVisible = 0;
			defaultConfigurationName = Release;
		};
		49D8A0411E299E4B007E059D /* Build configuration list for PBXNativeTarget "SpokesTests" */ = {
			isa = XCConfigurationList;
			buildConfigurations = (
				49D8A0421E299E4B007E059D /* Debug */,
				49D8A0431E299E4B007E059D /* Release */,
			);
			defaultConfigurationIsVisible = 0;
			defaultConfigurationName = Release;
		};
		49D8A0441E299E4B007E059D /* Build configuration list for PBXNativeTarget "SpokesUITests" */ = {
			isa = XCConfigurationList;
			buildConfigurations = (
				49D8A0451E299E4B007E059D /* Debug */,
				49D8A0461E299E4B007E059D /* Release */,
			);
			defaultConfigurationIsVisible = 0;
			defaultConfigurationName = Release;
		};
/* End XCConfigurationList section */

/* Begin XCVersionGroup section */
		49D8A01D1E299E4B007E059D /* Spokes.xcdatamodeld */ = {
			isa = XCVersionGroup;
			children = (
				49D8A01E1E299E4B007E059D /* Spokes.xcdatamodel */,
			);
			currentVersion = 49D8A01E1E299E4B007E059D /* Spokes.xcdatamodel */;
			path = Spokes.xcdatamodeld;
			sourceTree = "<group>";
			versionGroupType = wrapper.xcdatamodel;
		};
/* End XCVersionGroup section */
	};
	rootObject = 49D8A00B1E299E4B007E059D /* Project object */;
}
